{
  "name": "ton-wallet-bot",
  "version": "1.0.0",
  "lockfileVersion": 2,
  "requires": true,
  "packages": {
    "": {
      "name": "ton-wallet-bot",
      "version": "1.0.0",
      "dependencies": {
        "dotenv": "^16.0.0",
        "express": "^4.18.2",
        "node-fetch": "^2.6.7",
        "telegraf": "4.11.2"
        "@tonconnect/sdk": "3.0.7"
      }
    },
    "node_modules/dotenv": {
      "version": "16.1.4",
      "resolved": "https://registry.npmjs.org/dotenv/-/dotenv-16.1.4.tgz",
      "integrity": "sha512-N6ErjCWc3FmgA6ve+bYkXqaQz74AkvFq9gyW3f4MQZhGfNbg29QYYG06qQdZbqFc4ZMWOqLDv6ImMTRxqSRIRg==",
      "engines": {
        "node": ">=10"
      }
    },
    "node_modules/express": {
      "version": "4.18.2",
      "resolved": "https://registry.npmjs.org/express/-/express-4.18.2.tgz",
      "integrity": "sha512-cGuJNmWUgZTzOTNiwf89nR8WHSyIVp3GndK0lDgIaLhPrN3aSaazOkaeUIErZpOmWqLIcvqlDID7vksr2bqAdA==",
      "dependencies": {
        "accepts": "~1.3.8",
        "array-flatten": "1.1.1",
        "body-parser": "1.20.1",
        "content-disposition": "0.5.4",
        "content-type": "~1.0.4",
        "cookie": "0.4.2",
        "cookie-signature": "1.0.6",
        "debug": "2.6.9",
        "depd": "~2.0.0",
        "encodeurl": "~1.0.2",
        "escape-html": "~1.0.3",
        "etag": "~1.8.1",
        "finalhandler": "1.2.0",
        "fresh": "0.5.2",
        "merge-descriptors": "1.0.1",
        "methods": "~1.1.2",
        "on-finished": "~2.4.1",
        "parseurl": "~1.3.3",
        "path-to-regexp": "0.1.7",
        "proxy-addr": "~2.0.7",
        "qs": "6.11.0",
        "range-parser": "~1.2.1",
        "safe-buffer": "5.2.1",
        "send": "0.17.1",
        "serve-static": "1.15.0",
        "setprototypeof": "1.2.0",
        "statuses": "~2.0.1",
        "type-is": "~1.6.18",
        "utils-merge": "1.0.1",
        "vary": "~1.1.2"
      },
      "engines": {
        "node": ">= 0.10.0"
      }
    },
    "node_modules/node-fetch": {
      "version": "2.6.7",
      "resolved": "https://registry.npmjs.org/node-fetch/-/node-fetch-2.6.7.tgz",
      "integrity": "sha512-Hn3GXBMLkXX7+8T7RnPt6Y2E+oNBFV6FjXleGXB+cT+5+I9vJlILcK3X+XJ9C9zMZ1G4DcP3+zzvV0Ju8sQG3Q==",
      "engines": {
        "node": ">=6"
      }
    },
    "node_modules/telegraf": {
      "version": "4.12.2",
      "resolved": "https://registry.npmjs.org/telegraf/-/telegraf-4.12.2.tgz",
      "integrity": "sha512-NnZd7gBWAGNj1xCqXUvm90uHqnhTk4VeGfMu5+G67qxAlxY0j8DjpW4P62d2/xqaB8WuT0XTAjEPc16KQv2w0A==",
      "dependencies": {
        "cacheable-request": "^7.1.1",
        "telegraf-inline-menu": "^6.4.2",
        "telegraf-session-local": "^4.6.0"
      }
    },
    "node_modules/@tonconnect/sdk": {
      "version": "3.0.7",
      "resolved": "https://registry.npmjs.org/@tonconnect/sdk/-/sdk-3.0.7.tgz",
      "integrity": "sha512-+pC7iRJ2Oy6jlP7dHbdqMr8CHci+j4cxXxbM5QrGDCZHCFIUl4F0g7NshZZi+xQ5XXMVD6mVGm0g5FhhzIXGFg=="
    }
  },
  "dependencies": {
    "dotenv": {
      "version": "16.1.4",
      "resolved": "https://registry.npmjs.org/dotenv/-/dotenv-16.1.4.tgz",
      "integrity": "sha512-N6ErjCWc3FmgA6ve+bYkXqaQz74AkvFq9gyW3f4MQZhGfNbg29QYYG06qQdZbqFc4ZMWOqLDv6ImMTRxqSRIRg=="
    },
    "express": {
      "version": "4.18.2",
      "resolved": "https://registry.npmjs.org/express/-/express-4.18.2.tgz",
      "integrity": "sha512-cGuJNmWUgZTzOTNiwf89nR8WHSyIVp3GndK0lDgIaLhPrN3aSaazOkaeUIErZpOmWqLIcvqlDID7vksr2bqAdA=="
    },
    "node-fetch": {
      "version": "2.6.7",
      "resolved": "https://registry.npmjs.org/node-fetch/-/node-fetch-2.6.7.tgz",
      "integrity": "sha512-Hn3GXBMLkXX7+8T7RnPt6Y2E+oNBFV6FjXleGXB+cT+5+I9vJlILcK3X+XJ9C9zMZ1G4DcP3+zzvV0Ju8sQG3Q=="
    },
    "telegraf": {
      "version": "4.12.2",
      "resolved": "https://registry.npmjs.org/telegraf/-/telegraf-4.12.2.tgz",
      "integrity": "sha512-NnZd7gBWAGNj1xCqXUvm90uHqnhTk4VeGfMu5+G67qxAlxY0j8DjpW4P62d2/xqaB8WuT0XTAjEPc16KQv2w0A=="
    },
    "@tonconnect/sdk": {
      "version": "3.0.7",
      "resolved": "https://registry.npmjs.org/@tonconnect/sdk/-/sdk-3.0.7.tgz",
      "integrity": "sha512-+pC7iRJ2Oy6jlP7dHbdqMr8CHci+j4cxXxbM5QrGDCZHCFIUl4F0g7NshZZi+xQ5XXMVD6mVGm0g5FhhzIXGFg=="
    }
  }
}

